
Microsoft Visual Studio Solution File, Format Version 12.00
# Visual Studio Version 17
VisualStudioVersion = 17.0.31903.59
MinimumVisualStudioVersion = 10.0.40219.1
Project("{9A19103F-16F7-4668-BE54-9A1E7A4F7556}") = "AntiCorruptionLayer.Api", "AntiCorruptionLayer.Api\AntiCorruptionLayer.Api.csproj", "{78E7FAC3-950B-472A-BCEE-B881966A5752}"
EndProject
Project("{9A19103F-16F7-4668-BE54-9A1E7A4F7556}") = "AntiCorruptionLayer.Adapter", "AntiCorruptionLayer.Adapter\AntiCorruptionLayer.Adapter.csproj", "{A4F24E43-A92E-4B18-B8BB-D73D67B10133}"
EndProject
Project("{9A19103F-16F7-4668-BE54-9A1E7A4F7556}") = "AntiCorruptionLayer.Facade", "AntiCorruptionLayer.Facade\AntiCorruptionLayer.Facade.csproj", "{26D47E43-75B9-4547-BCA3-D403770109E1}"
EndProject
Project("{FAE04EC0-301F-11D3-BF4B-00C04F79EFBC}") = "AntiCorruptionLayer.Domain", "AntiCorruptionLayer.Domain\AntiCorruptionLayer.Domain.csproj", "{11AEE7DF-9470-4C7B-B887-775FA5922415}"
EndProject
Project("{FAE04EC0-301F-11D3-BF4B-00C04F79EFBC}") = "AntiCorruptionLayer.Test", "AntiCorruptionLayer.Test\AntiCorruptionLayer.Test.csproj", "{01D66DA6-CB40-4BF0-9740-9151D1665911}"
EndProject
Global
	GlobalSection(SolutionConfigurationPlatforms) = preSolution
		Debug|Any CPU = Debug|Any CPU
		Release|Any CPU = Release|Any CPU
	EndGlobalSection
	GlobalSection(ProjectConfigurationPlatforms) = postSolution
		{78E7FAC3-950B-472A-BCEE-B881966A5752}.Debug|Any CPU.ActiveCfg = Debug|Any CPU
		{78E7FAC3-950B-472A-BCEE-B881966A5752}.Debug|Any CPU.Build.0 = Debug|Any CPU
		{78E7FAC3-950B-472A-BCEE-B881966A5752}.Release|Any CPU.ActiveCfg = Release|Any CPU
		{78E7FAC3-950B-472A-BCEE-B881966A5752}.Release|Any CPU.Build.0 = Release|Any CPU
		{A4F24E43-A92E-4B18-B8BB-D73D67B10133}.Debug|Any CPU.ActiveCfg = Debug|Any CPU
		{A4F24E43-A92E-4B18-B8BB-D73D67B10133}.Debug|Any CPU.Build.0 = Debug|Any CPU
		{A4F24E43-A92E-4B18-B8BB-D73D67B10133}.Release|Any CPU.ActiveCfg = Release|Any CPU
		{A4F24E43-A92E-4B18-B8BB-D73D67B10133}.Release|Any CPU.Build.0 = Release|Any CPU
		{26D47E43-75B9-4547-BCA3-D403770109E1}.Debug|Any CPU.ActiveCfg = Debug|Any CPU
		{26D47E43-75B9-4547-BCA3-D403770109E1}.Debug|Any CPU.Build.0 = Debug|Any CPU
		{26D47E43-75B9-4547-BCA3-D403770109E1}.Release|Any CPU.ActiveCfg = Release|Any CPU
		{26D47E43-75B9-4547-BCA3-D403770109E1}.Release|Any CPU.Build.0 = Release|Any CPU
		{11AEE7DF-9470-4C7B-B887-775FA5922415}.Debug|Any CPU.ActiveCfg = Debug|Any CPU
		{11AEE7DF-9470-4C7B-B887-775FA5922415}.Debug|Any CPU.Build.0 = Debug|Any CPU
		{11AEE7DF-9470-4C7B-B887-775FA5922415}.Release|Any CPU.ActiveCfg = Release|Any CPU
		{11AEE7DF-9470-4C7B-B887-775FA5922415}.Release|Any CPU.Build.0 = Release|Any CPU
		{01D66DA6-CB40-4BF0-9740-9151D1665911}.Debug|Any CPU.ActiveCfg = Debug|Any CPU
		{01D66DA6-CB40-4BF0-9740-9151D1665911}.Debug|Any CPU.Build.0 = Debug|Any CPU
		{01D66DA6-CB40-4BF0-9740-9151D1665911}.Release|Any CPU.ActiveCfg = Release|Any CPU
		{01D66DA6-CB40-4BF0-9740-9151D1665911}.Release|Any CPU.Build.0 = Release|Any CPU
	EndGlobalSection
	GlobalSection(SolutionProperties) = preSolution
		HideSolutionNode = FALSE
	EndGlobalSection
	GlobalSection(ExtensibilityGlobals) = postSolution
		SolutionGuid = {0216138F-C0B1-4E9E-B452-4E127E0EB44F}
	EndGlobalSection
EndGlobal
